
Microsoft Visual Studio Solution File, Format Version 12.00
# Visual Studio Version 17
VisualStudioVersion = 17.0.32112.339
MinimumVisualStudioVersion = 10.0.40219.1
Project("{FAE04EC0-301F-11D3-BF4B-00C04F79EFBC}") = "App2.Android", "App2\App2.Android\App2.Android.csproj", "{510862F6-1DEF-4099-9AA5-FCFB7FC2DB15}"
EndProject
Project("{FAE04EC0-301F-11D3-BF4B-00C04F79EFBC}") = "App2.iOS", "App2\App2.iOS\App2.iOS.csproj", "{34925659-C87D-4473-A605-06090C3E94E0}"
EndProject
Project("{FAE04EC0-301F-11D3-BF4B-00C04F79EFBC}") = "Assignments", "App2\App2\Assignments.csproj", "{5DD3AC4B-0281-4412-B4E7-3AC78AF64398}"
EndProject
Global
	GlobalSection(SolutionConfigurationPlatforms) = preSolution
		Debug|Any CPU = Debug|Any CPU
		Debug|iPhone = Debug|iPhone
		Debug|iPhoneSimulator = Debug|iPhoneSimulator
		Release|Any CPU = Release|Any CPU
		Release|iPhone = Release|iPhone
		Release|iPhoneSimulator = Release|iPhoneSimulator
	EndGlobalSection
	GlobalSection(ProjectConfigurationPlatforms) = postSolution
		{510862F6-1DEF-4099-9AA5-FCFB7FC2DB15}.Debug|Any CPU.ActiveCfg = Debug|Any CPU
		{510862F6-1DEF-4099-9AA5-FCFB7FC2DB15}.Debug|Any CPU.Build.0 = Debug|Any CPU
		{510862F6-1DEF-4099-9AA5-FCFB7FC2DB15}.Debug|Any CPU.Deploy.0 = Debug|Any CPU
		{510862F6-1DEF-4099-9AA5-FCFB7FC2DB15}.Debug|iPhone.ActiveCfg = Debug|Any CPU
		{510862F6-1DEF-4099-9AA5-FCFB7FC2DB15}.Debug|iPhone.Build.0 = Debug|Any CPU
		{510862F6-1DEF-4099-9AA5-FCFB7FC2DB15}.Debug|iPhone.Deploy.0 = Debug|Any CPU
		{510862F6-1DEF-4099-9AA5-FCFB7FC2DB15}.Debug|iPhoneSimulator.ActiveCfg = Debug|Any CPU
		{510862F6-1DEF-4099-9AA5-FCFB7FC2DB15}.Debug|iPhoneSimulator.Build.0 = Debug|Any CPU
		{510862F6-1DEF-4099-9AA5-FCFB7FC2DB15}.Debug|iPhoneSimulator.Deploy.0 = Debug|Any CPU
		{510862F6-1DEF-4099-9AA5-FCFB7FC2DB15}.Release|Any CPU.ActiveCfg = Release|Any CPU
		{510862F6-1DEF-4099-9AA5-FCFB7FC2DB15}.Release|Any CPU.Build.0 = Release|Any CPU
		{510862F6-1DEF-4099-9AA5-FCFB7FC2DB15}.Release|Any CPU.Deploy.0 = Release|Any CPU
		{510862F6-1DEF-4099-9AA5-FCFB7FC2DB15}.Release|iPhone.ActiveCfg = Release|Any CPU
		{510862F6-1DEF-4099-9AA5-FCFB7FC2DB15}.Release|iPhone.Build.0 = Release|Any CPU
		{510862F6-1DEF-4099-9AA5-FCFB7FC2DB15}.Release|iPhone.Deploy.0 = Release|Any CPU
		{510862F6-1DEF-4099-9AA5-FCFB7FC2DB15}.Release|iPhoneSimulator.ActiveCfg = Release|Any CPU
		{510862F6-1DEF-4099-9AA5-FCFB7FC2DB15}.Release|iPhoneSimulator.Build.0 = Release|Any CPU
		{510862F6-1DEF-4099-9AA5-FCFB7FC2DB15}.Release|iPhoneSimulator.Deploy.0 = Release|Any CPU
		{34925659-C87D-4473-A605-06090C3E94E0}.Debug|Any CPU.ActiveCfg = Debug|iPhone
		{34925659-C87D-4473-A605-06090C3E94E0}.Debug|Any CPU.Build.0 = Debug|iPhone
		{34925659-C87D-4473-A605-06090C3E94E0}.Debug|Any CPU.Deploy.0 = Debug|iPhone
		{34925659-C87D-4473-A605-06090C3E94E0}.Debug|iPhone.ActiveCfg = Debug|iPhone
		{34925659-C87D-4473-A605-06090C3E94E0}.Debug|iPhone.Build.0 = Debug|iPhone
		{34925659-C87D-4473-A605-06090C3E94E0}.Debug|iPhone.Deploy.0 = Debug|iPhone
		{34925659-C87D-4473-A605-06090C3E94E0}.Debug|iPhoneSimulator.ActiveCfg = Debug|iPhoneSimulator
		{34925659-C87D-4473-A605-06090C3E94E0}.Debug|iPhoneSimulator.Build.0 = Debug|iPhoneSimulator
		{34925659-C87D-4473-A605-06090C3E94E0}.Debug|iPhoneSimulator.Deploy.0 = Debug|iPhoneSimulator
		{34925659-C87D-4473-A605-06090C3E94E0}.Release|Any CPU.ActiveCfg = Release|iPhoneSimulator
		{34925659-C87D-4473-A605-06090C3E94E0}.Release|Any CPU.Build.0 = Release|iPhoneSimulator
		{34925659-C87D-4473-A605-06090C3E94E0}.Release|Any CPU.Deploy.0 = Release|iPhoneSimulator
		{34925659-C87D-4473-A605-06090C3E94E0}.Release|iPhone.ActiveCfg = Release|iPhone
		{34925659-C87D-4473-A605-06090C3E94E0}.Release|iPhone.Build.0 = Release|iPhone
		{34925659-C87D-4473-A605-06090C3E94E0}.Release|iPhone.Deploy.0 = Release|iPhone
		{34925659-C87D-4473-A605-06090C3E94E0}.Release|iPhoneSimulator.ActiveCfg = Release|iPhoneSimulator
		{34925659-C87D-4473-A605-06090C3E94E0}.Release|iPhoneSimulator.Build.0 = Release|iPhoneSimulator
		{34925659-C87D-4473-A605-06090C3E94E0}.Release|iPhoneSimulator.Deploy.0 = Release|iPhoneSimulator
		{5DD3AC4B-0281-4412-B4E7-3AC78AF64398}.Debug|Any CPU.ActiveCfg = Debug|Any CPU
		{5DD3AC4B-0281-4412-B4E7-3AC78AF64398}.Debug|Any CPU.Build.0 = Debug|Any CPU
		{5DD3AC4B-0281-4412-B4E7-3AC78AF64398}.Debug|Any CPU.Deploy.0 = Debug|Any CPU
		{5DD3AC4B-0281-4412-B4E7-3AC78AF64398}.Debug|iPhone.ActiveCfg = Debug|Any CPU
		{5DD3AC4B-0281-4412-B4E7-3AC78AF64398}.Debug|iPhone.Build.0 = Debug|Any CPU
		{5DD3AC4B-0281-4412-B4E7-3AC78AF64398}.Debug|iPhone.Deploy.0 = Debug|Any CPU
		{5DD3AC4B-0281-4412-B4E7-3AC78AF64398}.Debug|iPhoneSimulator.ActiveCfg = Debug|Any CPU
		{5DD3AC4B-0281-4412-B4E7-3AC78AF64398}.Debug|iPhoneSimulator.Build.0 = Debug|Any CPU
		{5DD3AC4B-0281-4412-B4E7-3AC78AF64398}.Debug|iPhoneSimulator.Deploy.0 = Debug|Any CPU
		{5DD3AC4B-0281-4412-B4E7-3AC78AF64398}.Release|Any CPU.ActiveCfg = Release|Any CPU
		{5DD3AC4B-0281-4412-B4E7-3AC78AF64398}.Release|Any CPU.Build.0 = Release|Any CPU
		{5DD3AC4B-0281-4412-B4E7-3AC78AF64398}.Release|Any CPU.Deploy.0 = Release|Any CPU
		{5DD3AC4B-0281-4412-B4E7-3AC78AF64398}.Release|iPhone.ActiveCfg = Release|Any CPU
		{5DD3AC4B-0281-4412-B4E7-3AC78AF64398}.Release|iPhone.Build.0 = Release|Any CPU
		{5DD3AC4B-0281-4412-B4E7-3AC78AF64398}.Release|iPhone.Deploy.0 = Release|Any CPU
		{5DD3AC4B-0281-4412-B4E7-3AC78AF64398}.Release|iPhoneSimulator.ActiveCfg = Release|Any CPU
		{5DD3AC4B-0281-4412-B4E7-3AC78AF64398}.Release|iPhoneSimulator.Build.0 = Release|Any CPU
		{5DD3AC4B-0281-4412-B4E7-3AC78AF64398}.Release|iPhoneSimulator.Deploy.0 = Release|Any CPU
	EndGlobalSection
	GlobalSection(SolutionProperties) = preSolution
		HideSolutionNode = FALSE
	EndGlobalSection
	GlobalSection(ExtensibilityGlobals) = postSolution
		SolutionGuid = {EEADBF93-62C9-42E0-9F5E-CF770E58DD8E}
	EndGlobalSection
EndGlobal
